// !$*UTF8*$!
{
	archiveVersion = 1;
	classes = {
	};
	objectVersion = 60;
	objects = {

/* Begin PBXBuildFile section */
		B10000000000000000000001 /* EqnSnapApp.swift in Sources */ = {isa = PBXBuildFile; fileRef = B10000000000000000000101 /* EqnSnapApp.swift */; };
		B10000000000000000000002 /* ContentView.swift in Sources */ = {isa = PBXBuildFile; fileRef = B10000000000000000000102 /* ContentView.swift */; };
		B10000000000000000000003 /* CarbonHotKeyClient.swift in Sources */ = {isa = PBXBuildFile; fileRef = B10000000000000000000103 /* CarbonHotKeyClient.swift */; };
		B10000000000000000000004 /* EqnSnapStatusItemController.swift in Sources */ = {isa = PBXBuildFile; fileRef = B10000000000000000000104 /* EqnSnapStatusItemController.swift */; };
		B10000000000000000000005 /* FormulaCaptureWorkflow.swift in Sources */ = {isa = PBXBuildFile; fileRef = B10000000000000000000105 /* FormulaCaptureWorkflow.swift */; };
		B10000000000000000000006 /* FormulaLatexPreview.swift in Sources */ = {isa = PBXBuildFile; fileRef = B10000000000000000000106 /* FormulaLatexPreview.swift */; };
		B10000000000000000000007 /* FormulaResultWindowController.swift in Sources */ = {isa = PBXBuildFile; fileRef = B10000000000000000000107 /* FormulaResultWindowController.swift */; };
		B10000000000000000000008 /* CaptureGeometry.swift in Sources */ = {isa = PBXBuildFile; fileRef = B10000000000000000000108 /* CaptureGeometry.swift */; };
		B10000000000000000000009 /* FormulaSelectionOverlayView.swift in Sources */ = {isa = PBXBuildFile; fileRef = B10000000000000000000109 /* FormulaSelectionOverlayView.swift */; };
		B1000000000000000000000A /* FormulaSelectionOverlayWindowController.swift in Sources */ = {isa = PBXBuildFile; fileRef = B1000000000000000000010A /* FormulaSelectionOverlayWindowController.swift */; };
		B1000000000000000000000B /* FormulaSelectionReducer.swift in Sources */ = {isa = PBXBuildFile; fileRef = B1000000000000000000010B /* FormulaSelectionReducer.swift */; };
		B1000000000000000000000C /* MacScreenCaptureService.swift in Sources */ = {isa = PBXBuildFile; fileRef = B1000000000000000000010C /* MacScreenCaptureService.swift */; };
		B1000000000000000000000D /* FormulaStrokeProfileAnalyzer.swift in Sources */ = {isa = PBXBuildFile; fileRef = B1000000000000000000010D /* FormulaStrokeProfileAnalyzer.swift */; };
		B1000000000000000000000E /* Pix2TexDecoderRunner.swift in Sources */ = {isa = PBXBuildFile; fileRef = B1000000000000000000010E /* Pix2TexDecoderRunner.swift */; };
		B1000000000000000000000F /* Pix2TexEncoderRunner.swift in Sources */ = {isa = PBXBuildFile; fileRef = B1000000000000000000010F /* Pix2TexEncoderRunner.swift */; };
		B10000000000000000000010 /* Pix2TexFormulaImagePreprocessor.swift in Sources */ = {isa = PBXBuildFile; fileRef = B10000000000000000000110 /* Pix2TexFormulaImagePreprocessor.swift */; };
		B10000000000000000000011 /* Pix2TexModelBundleLoader.swift in Sources */ = {isa = PBXBuildFile; fileRef = B10000000000000000000111 /* Pix2TexModelBundleLoader.swift */; };
		B10000000000000000000012 /* Pix2TexRecognitionPipeline.swift in Sources */ = {isa = PBXBuildFile; fileRef = B10000000000000000000112 /* Pix2TexRecognitionPipeline.swift */; };
		B10000000000000000000013 /* Pix2TexRecognitionService.swift in Sources */ = {isa = PBXBuildFile; fileRef = B10000000000000000000113 /* Pix2TexRecognitionService.swift */; };
		B10000000000000000000014 /* Pix2TexScreenshotRecognizer.swift in Sources */ = {isa = PBXBuildFile; fileRef = B10000000000000000000114 /* Pix2TexScreenshotRecognizer.swift */; };
		B10000000000000000000015 /* Pix2TexTokenizer.swift in Sources */ = {isa = PBXBuildFile; fileRef = B10000000000000000000115 /* Pix2TexTokenizer.swift */; };
		B10000000000000000000041 /* CaptureGeometryTests.swift in Sources */ = {isa = PBXBuildFile; fileRef = B10000000000000000000201 /* CaptureGeometryTests.swift */; };
		B10000000000000000000042 /* CapturedDisplayFrameTests.swift in Sources */ = {isa = PBXBuildFile; fileRef = B10000000000000000000202 /* CapturedDisplayFrameTests.swift */; };
		B10000000000000000000043 /* EqnSnapTests.swift in Sources */ = {isa = PBXBuildFile; fileRef = B10000000000000000000203 /* EqnSnapTests.swift */; };
		B10000000000000000000044 /* FormulaLatexPreviewTests.swift in Sources */ = {isa = PBXBuildFile; fileRef = B10000000000000000000204 /* FormulaLatexPreviewTests.swift */; };
		B10000000000000000000045 /* FormulaSelectionReducerTests.swift in Sources */ = {isa = PBXBuildFile; fileRef = B10000000000000000000205 /* FormulaSelectionReducerTests.swift */; };
		B10000000000000000000046 /* Pix2TexDecoderRunnerTests.swift in Sources */ = {isa = PBXBuildFile; fileRef = B10000000000000000000206 /* Pix2TexDecoderRunnerTests.swift */; };
		B10000000000000000000047 /* Pix2TexEncoderRunnerTests.swift in Sources */ = {isa = PBXBuildFile; fileRef = B10000000000000000000207 /* Pix2TexEncoderRunnerTests.swift */; };
		B10000000000000000000048 /* Pix2TexFormulaImagePreprocessorTests.swift in Sources */ = {isa = PBXBuildFile; fileRef = B10000000000000000000208 /* Pix2TexFormulaImagePreprocessorTests.swift */; };
		B10000000000000000000049 /* Pix2TexRecognitionPipelineTests.swift in Sources */ = {isa = PBXBuildFile; fileRef = B10000000000000000000209 /* Pix2TexRecognitionPipelineTests.swift */; };
		B1000000000000000000004A /* Pix2TexTokenizerTests.swift in Sources */ = {isa = PBXBuildFile; fileRef = B1000000000000000000020A /* Pix2TexTokenizerTests.swift */; };
		B10000000000000000000061 /* EqnSnapUITests.swift in Sources */ = {isa = PBXBuildFile; fileRef = B10000000000000000000301 /* EqnSnapUITests.swift */; };
		B10000000000000000000062 /* EqnSnapUITestsLaunchTests.swift in Sources */ = {isa = PBXBuildFile; fileRef = B10000000000000000000302 /* EqnSnapUITestsLaunchTests.swift */; };
		B10000000000000000000030 /* Assets.xcassets in Resources */ = {isa = PBXBuildFile; fileRef = B10000000000000000000180 /* Assets.xcassets */; };
		B10000000000000000000031 /* tokenizer.json in Resources */ = {isa = PBXBuildFile; fileRef = B10000000000000000000181 /* tokenizer.json */; };
		B10000000000000000000032 /* Encoder model in Resources */ = {isa = PBXBuildFile; fileRef = B10000000000000000000182 /* Pix2TexEncoder-Variable32.mlpackage */; };
		B10000000000000000000033 /* Decoder model in Resources */ = {isa = PBXBuildFile; fileRef = B10000000000000000000183 /* Pix2TexDecoder-Prefix128-Context169.mlpackage */; };
		B10000000000000000000034 /* SwiftMath in Frameworks */ = {isa = PBXBuildFile; productRef = B10000000000000000000401 /* SwiftMath */; };
/* End PBXBuildFile section */

/* Begin PBXContainerItemProxy section */
		A0FC72E130087D6600AE7F26 /* PBXContainerItemProxy */ = {
			isa = PBXContainerItemProxy;
			containerPortal = A0FC72CB30087D6500AE7F26 /* Project object */;
			proxyType = 1;
			remoteGlobalIDString = A0FC72D230087D6500AE7F26;
			remoteInfo = EqnSnap;
		};
		A0FC72EB30087D6600AE7F26 /* PBXContainerItemProxy */ = {
			isa = PBXContainerItemProxy;
			containerPortal = A0FC72CB30087D6500AE7F26 /* Project object */;
			proxyType = 1;
			remoteGlobalIDString = A0FC72D230087D6500AE7F26;
			remoteInfo = EqnSnap;
		};
/* End PBXContainerItemProxy section */

/* Begin PBXFileReference section */
		A0FC72D330087D6500AE7F26 /* EqnSnap.app */ = {isa = PBXFileReference; explicitFileType = wrapper.application; includeInIndex = 0; path = EqnSnap.app; sourceTree = BUILT_PRODUCTS_DIR; };
		A0FC72E030087D6600AE7F26 /* EqnSnapTests.xctest */ = {isa = PBXFileReference; explicitFileType = wrapper.cfbundle; includeInIndex = 0; path = EqnSnapTests.xctest; sourceTree = BUILT_PRODUCTS_DIR; };
		A0FC72EA30087D6600AE7F26 /* EqnSnapUITests.xctest */ = {isa = PBXFileReference; explicitFileType = wrapper.cfbundle; includeInIndex = 0; path = EqnSnapUITests.xctest; sourceTree = BUILT_PRODUCTS_DIR; };
		B10000000000000000000101 /* EqnSnapApp.swift */ = {isa = PBXFileReference; lastKnownFileType = sourcecode.swift; path = EqnSnapApp.swift; sourceTree = "<group>"; };
		B10000000000000000000102 /* ContentView.swift */ = {isa = PBXFileReference; lastKnownFileType = sourcecode.swift; path = ContentView.swift; sourceTree = "<group>"; };
		B10000000000000000000103 /* CarbonHotKeyClient.swift */ = {isa = PBXFileReference; lastKnownFileType = sourcecode.swift; path = CarbonHotKeyClient.swift; sourceTree = "<group>"; };
		B10000000000000000000104 /* EqnSnapStatusItemController.swift */ = {isa = PBXFileReference; lastKnownFileType = sourcecode.swift; path = EqnSnapStatusItemController.swift; sourceTree = "<group>"; };
		B10000000000000000000105 /* FormulaCaptureWorkflow.swift */ = {isa = PBXFileReference; lastKnownFileType = sourcecode.swift; path = FormulaCaptureWorkflow.swift; sourceTree = "<group>"; };
		B10000000000000000000106 /* FormulaLatexPreview.swift */ = {isa = PBXFileReference; lastKnownFileType = sourcecode.swift; path = FormulaLatexPreview.swift; sourceTree = "<group>"; };
		B10000000000000000000107 /* FormulaResultWindowController.swift */ = {isa = PBXFileReference; lastKnownFileType = sourcecode.swift; path = FormulaResultWindowController.swift; sourceTree = "<group>"; };
		B10000000000000000000108 /* CaptureGeometry.swift */ = {isa = PBXFileReference; lastKnownFileType = sourcecode.swift; path = CaptureGeometry.swift; sourceTree = "<group>"; };
		B10000000000000000000109 /* FormulaSelectionOverlayView.swift */ = {isa = PBXFileReference; lastKnownFileType = sourcecode.swift; path = FormulaSelectionOverlayView.swift; sourceTree = "<group>"; };
		B1000000000000000000010A /* FormulaSelectionOverlayWindowController.swift */ = {isa = PBXFileReference; lastKnownFileType = sourcecode.swift; path = FormulaSelectionOverlayWindowController.swift; sourceTree = "<group>"; };
		B1000000000000000000010B /* FormulaSelectionReducer.swift */ = {isa = PBXFileReference; lastKnownFileType = sourcecode.swift; path = FormulaSelectionReducer.swift; sourceTree = "<group>"; };
		B1000000000000000000010C /* MacScreenCaptureService.swift */ = {isa = PBXFileReference; lastKnownFileType = sourcecode.swift; path = MacScreenCaptureService.swift; sourceTree = "<group>"; };
		B1000000000000000000010D /* FormulaStrokeProfileAnalyzer.swift */ = {isa = PBXFileReference; lastKnownFileType = sourcecode.swift; path = FormulaStrokeProfileAnalyzer.swift; sourceTree = "<group>"; };
		B1000000000000000000010E /* Pix2TexDecoderRunner.swift */ = {isa = PBXFileReference; lastKnownFileType = sourcecode.swift; path = Pix2TexDecoderRunner.swift; sourceTree = "<group>"; };
		B1000000000000000000010F /* Pix2TexEncoderRunner.swift */ = {isa = PBXFileReference; lastKnownFileType = sourcecode.swift; path = Pix2TexEncoderRunner.swift; sourceTree = "<group>"; };
		B10000000000000000000110 /* Pix2TexFormulaImagePreprocessor.swift */ = {isa = PBXFileReference; lastKnownFileType = sourcecode.swift; path = Pix2TexFormulaImagePreprocessor.swift; sourceTree = "<group>"; };
		B10000000000000000000111 /* Pix2TexModelBundleLoader.swift */ = {isa = PBXFileReference; lastKnownFileType = sourcecode.swift; path = Pix2TexModelBundleLoader.swift; sourceTree = "<group>"; };
		B10000000000000000000112 /* Pix2TexRecognitionPipeline.swift */ = {isa = PBXFileReference; lastKnownFileType = sourcecode.swift; path = Pix2TexRecognitionPipeline.swift; sourceTree = "<group>"; };
		B10000000000000000000113 /* Pix2TexRecognitionService.swift */ = {isa = PBXFileReference; lastKnownFileType = sourcecode.swift; path = Pix2TexRecognitionService.swift; sourceTree = "<group>"; };
		B10000000000000000000114 /* Pix2TexScreenshotRecognizer.swift */ = {isa = PBXFileReference; lastKnownFileType = sourcecode.swift; path = Pix2TexScreenshotRecognizer.swift; sourceTree = "<group>"; };
		B10000000000000000000115 /* Pix2TexTokenizer.swift */ = {isa = PBXFileReference; lastKnownFileType = sourcecode.swift; path = Pix2TexTokenizer.swift; sourceTree = "<group>"; };
		B10000000000000000000201 /* CaptureGeometryTests.swift */ = {isa = PBXFileReference; lastKnownFileType = sourcecode.swift; path = CaptureGeometryTests.swift; sourceTree = "<group>"; };
		B10000000000000000000202 /* CapturedDisplayFrameTests.swift */ = {isa = PBXFileReference; lastKnownFileType = sourcecode.swift; path = CapturedDisplayFrameTests.swift; sourceTree = "<group>"; };
		B10000000000000000000203 /* EqnSnapTests.swift */ = {isa = PBXFileReference; lastKnownFileType = sourcecode.swift; path = EqnSnapTests.swift; sourceTree = "<group>"; };
		B10000000000000000000204 /* FormulaLatexPreviewTests.swift */ = {isa = PBXFileReference; lastKnownFileType = sourcecode.swift; path = FormulaLatexPreviewTests.swift; sourceTree = "<group>"; };
		B10000000000000000000205 /* FormulaSelectionReducerTests.swift */ = {isa = PBXFileReference; lastKnownFileType = sourcecode.swift; path = FormulaSelectionReducerTests.swift; sourceTree = "<group>"; };
		B10000000000000000000206 /* Pix2TexDecoderRunnerTests.swift */ = {isa = PBXFileReference; lastKnownFileType = sourcecode.swift; path = Pix2TexDecoderRunnerTests.swift; sourceTree = "<group>"; };
		B10000000000000000000207 /* Pix2TexEncoderRunnerTests.swift */ = {isa = PBXFileReference; lastKnownFileType = sourcecode.swift; path = Pix2TexEncoderRunnerTests.swift; sourceTree = "<group>"; };
		B10000000000000000000208 /* Pix2TexFormulaImagePreprocessorTests.swift */ = {isa = PBXFileReference; lastKnownFileType = sourcecode.swift; path = Pix2TexFormulaImagePreprocessorTests.swift; sourceTree = "<group>"; };
		B10000000000000000000209 /* Pix2TexRecognitionPipelineTests.swift */ = {isa = PBXFileReference; lastKnownFileType = sourcecode.swift; path = Pix2TexRecognitionPipelineTests.swift; sourceTree = "<group>"; };
		B1000000000000000000020A /* Pix2TexTokenizerTests.swift */ = {isa = PBXFileReference; lastKnownFileType = sourcecode.swift; path = Pix2TexTokenizerTests.swift; sourceTree = "<group>"; };
		B10000000000000000000301 /* EqnSnapUITests.swift */ = {isa = PBXFileReference; lastKnownFileType = sourcecode.swift; path = EqnSnapUITests.swift; sourceTree = "<group>"; };
		B10000000000000000000302 /* EqnSnapUITestsLaunchTests.swift */ = {isa = PBXFileReference; lastKnownFileType = sourcecode.swift; path = EqnSnapUITestsLaunchTests.swift; sourceTree = "<group>"; };
		B10000000000000000000180 /* Assets.xcassets */ = {isa = PBXFileReference; lastKnownFileType = folder.assetcatalog; path = Assets.xcassets; sourceTree = "<group>"; };
		B10000000000000000000181 /* tokenizer.json */ = {isa = PBXFileReference; lastKnownFileType = text.json; path = tokenizer.json; sourceTree = "<group>"; };
		B10000000000000000000182 /* Pix2TexEncoder-Variable32.mlpackage */ = {isa = PBXFileReference; lastKnownFileType = folder.mlpackage; path = "Pix2TexEncoder-Variable32.mlpackage"; sourceTree = "<group>"; };
		B10000000000000000000183 /* Pix2TexDecoder-Prefix128-Context169.mlpackage */ = {isa = PBXFileReference; lastKnownFileType = folder.mlpackage; path = "Pix2TexDecoder-Prefix128-Context169.mlpackage"; sourceTree = "<group>"; };
/* End PBXFileReference section */

/* Begin PBXFrameworksBuildPhase section */
		A0FC72D030087D6500AE7F26 /* Frameworks */ = {
			isa = PBXFrameworksBuildPhase;
			buildActionMask = 2147483647;
			files = (
				B10000000000000000000034 /* SwiftMath in Frameworks */,
			);
			runOnlyForDeploymentPostprocessing = 0;
		};
		A0FC72DD30087D6600AE7F26 /* Frameworks */ = {
			isa = PBXFrameworksBuildPhase;
			buildActionMask = 2147483647;
			files = (
			);
			runOnlyForDeploymentPostprocessing = 0;
		};
		A0FC72E730087D6600AE7F26 /* Frameworks */ = {
			isa = PBXFrameworksBuildPhase;
			buildActionMask = 2147483647;
			files = (
			);
			runOnlyForDeploymentPostprocessing = 0;
		};
/* End PBXFrameworksBuildPhase section */

/* Begin PBXGroup section */
		A0FC72CA30087D6500AE7F26 = {
			isa = PBXGroup;
			children = (
				A0FC72D530087D6500AE7F26 /* EqnSnap */,
				A0FC72E330087D6600AE7F26 /* EqnSnapTests */,
				A0FC72ED30087D6600AE7F26 /* EqnSnapUITests */,
				A0FC72D430087D6500AE7F26 /* Products */,
			);
			sourceTree = "<group>";
		};
		A0FC72D430087D6500AE7F26 /* Products */ = {
			isa = PBXGroup;
			children = (
				A0FC72D330087D6500AE7F26 /* EqnSnap.app */,
				A0FC72E030087D6600AE7F26 /* EqnSnapTests.xctest */,
				A0FC72EA30087D6600AE7F26 /* EqnSnapUITests.xctest */,
			);
			name = Products;
			sourceTree = "<group>";
		};
		A0FC72D530087D6500AE7F26 /* EqnSnap */ = {isa = PBXGroup; children = (B10000000000000000000101, B10000000000000000000102, B10000000000000000000500, B10000000000000000000501, B10000000000000000000502, B10000000000000000000180, B10000000000000000000503, ); path = EqnSnap; sourceTree = "<group>"; };
		B10000000000000000000500 /* Application */ = {isa = PBXGroup; children = (B10000000000000000000103, B10000000000000000000104, B10000000000000000000105, B10000000000000000000106, B10000000000000000000107, ); path = Application; sourceTree = "<group>"; };
		B10000000000000000000501 /* Capture */ = {isa = PBXGroup; children = (B10000000000000000000108, B10000000000000000000109, B1000000000000000000010A, B1000000000000000000010B, B1000000000000000000010C, ); path = Capture; sourceTree = "<group>"; };
		B10000000000000000000502 /* Recognition */ = {isa = PBXGroup; children = (B1000000000000000000010D, B1000000000000000000010E, B1000000000000000000010F, B10000000000000000000110, B10000000000000000000111, B10000000000000000000112, B10000000000000000000113, B10000000000000000000114, B10000000000000000000115, ); path = Recognition; sourceTree = "<group>"; };
		B10000000000000000000503 /* Resources */ = {isa = PBXGroup; children = (B10000000000000000000504, ); path = Resources; sourceTree = "<group>"; };
		B10000000000000000000504 /* Models */ = {isa = PBXGroup; children = (B10000000000000000000505, ); path = Models; sourceTree = "<group>"; };
		B10000000000000000000505 /* Pix2Tex */ = {isa = PBXGroup; children = (B10000000000000000000183, B10000000000000000000182, B10000000000000000000181, ); path = Pix2Tex; sourceTree = "<group>"; };
		A0FC72E330087D6600AE7F26 /* EqnSnapTests */ = {isa = PBXGroup; children = (B10000000000000000000201, B10000000000000000000202, B10000000000000000000203, B10000000000000000000204, B10000000000000000000205, B10000000000000000000206, B10000000000000000000207, B10000000000000000000208, B10000000000000000000209, B1000000000000000000020A, ); path = EqnSnapTests; sourceTree = "<group>"; };
		A0FC72ED30087D6600AE7F26 /* EqnSnapUITests */ = {isa = PBXGroup; children = (B10000000000000000000301, B10000000000000000000302, ); path = EqnSnapUITests; sourceTree = "<group>"; };
/* End PBXGroup section */

/* Begin PBXNativeTarget section */
		A0FC72D230087D6500AE7F26 /* EqnSnap */ = {
			isa = PBXNativeTarget;
			buildConfigurationList = A0FC72F430087D6600AE7F26 /* Build configuration list for PBXNativeTarget "EqnSnap" */;
			buildPhases = (
				A0FC72CF30087D6500AE7F26 /* Sources */,
				A0FC72D030087D6500AE7F26 /* Frameworks */,
				A0FC72D130087D6500AE7F26 /* Resources */,
			);
			buildRules = (
			);
			dependencies = (
			);
			name = EqnSnap;
			packageProductDependencies = (
				B10000000000000000000401 /* SwiftMath */,
			);
			productName = EqnSnap;
			productReference = A0FC72D330087D6500AE7F26 /* EqnSnap.app */;
			productType = "com.apple.product-type.application";
		};
		A0FC72DF30087D6600AE7F26 /* EqnSnapTests */ = {
			isa = PBXNativeTarget;
			buildConfigurationList = A0FC72F730087D6600AE7F26 /* Build configuration list for PBXNativeTarget "EqnSnapTests" */;
			buildPhases = (
				A0FC72DC30087D6600AE7F26 /* Sources */,
				A0FC72DD30087D6600AE7F26 /* Frameworks */,
				A0FC72DE30087D6600AE7F26 /* Resources */,
			);
			buildRules = (
			);
			dependencies = (
				A0FC72E230087D6600AE7F26 /* PBXTargetDependency */,
			);
			name = EqnSnapTests;
			packageProductDependencies = (
			);
			productName = EqnSnapTests;
			productReference = A0FC72E030087D6600AE7F26 /* EqnSnapTests.xctest */;
			productType = "com.apple.product-type.bundle.unit-test";
		};
		A0FC72E930087D6600AE7F26 /* EqnSnapUITests */ = {
			isa = PBXNativeTarget;
			buildConfigurationList = A0FC72FA30087D6600AE7F26 /* Build configuration list for PBXNativeTarget "EqnSnapUITests" */;
			buildPhases = (
				A0FC72E630087D6600AE7F26 /* Sources */,
				A0FC72E730087D6600AE7F26 /* Frameworks */,
				A0FC72E830087D6600AE7F26 /* Resources */,
			);
			buildRules = (
			);
			dependencies = (
				A0FC72EC30087D6600AE7F26 /* PBXTargetDependency */,
			);
			name = EqnSnapUITests;
			packageProductDependencies = (
			);
			productName = EqnSnapUITests;
			productReference = A0FC72EA30087D6600AE7F26 /* EqnSnapUITests.xctest */;
			productType = "com.apple.product-type.bundle.ui-testing";
		};
/* End PBXNativeTarget section */

/* Begin PBXProject section */
		A0FC72CB30087D6500AE7F26 /* Project object */ = {
			isa = PBXProject;
			attributes = {
				BuildIndependentTargetsInParallel = 1;
				LastSwiftUpdateCheck = 1500;
				LastUpgradeCheck = 1500;
				TargetAttributes = {
					A0FC72D230087D6500AE7F26 = {
						CreatedOnToolsVersion = 15.0;
					};
					A0FC72DF30087D6600AE7F26 = {
						CreatedOnToolsVersion = 15.0;
						TestTargetID = A0FC72D230087D6500AE7F26;
					};
					A0FC72E930087D6600AE7F26 = {
						CreatedOnToolsVersion = 15.0;
						TestTargetID = A0FC72D230087D6500AE7F26;
					};
				};
			};
			buildConfigurationList = A0FC72CE30087D6500AE7F26 /* Build configuration list for PBXProject "EqnSnap" */;
			compatibilityVersion = "Xcode 15.0";
			developmentRegion = en;
			hasScannedForEncodings = 0;
			knownRegions = (
				en,
				Base,
			);
			mainGroup = A0FC72CA30087D6500AE7F26;
			packageReferences = (
				B10000000000000000000400 /* XCRemoteSwiftPackageReference "SwiftMath" */,
			);
			productRefGroup = A0FC72D430087D6500AE7F26 /* Products */;
			projectDirPath = "";
			projectRoot = "";
			targets = (
				A0FC72D230087D6500AE7F26 /* EqnSnap */,
				A0FC72DF30087D6600AE7F26 /* EqnSnapTests */,
				A0FC72E930087D6600AE7F26 /* EqnSnapUITests */,
			);
		};
/* End PBXProject section */

/* Begin PBXResourcesBuildPhase section */
		A0FC72D130087D6500AE7F26 /* Resources */ = {
			isa = PBXResourcesBuildPhase;
			buildActionMask = 2147483647;
			files = (
				B10000000000000000000030,
				B10000000000000000000033,
				B10000000000000000000032,
				B10000000000000000000031,
			);
			runOnlyForDeploymentPostprocessing = 0;
		};
		A0FC72DE30087D6600AE7F26 /* Resources */ = {
			isa = PBXResourcesBuildPhase;
			buildActionMask = 2147483647;
			files = (
			);
			runOnlyForDeploymentPostprocessing = 0;
		};
		A0FC72E830087D6600AE7F26 /* Resources */ = {
			isa = PBXResourcesBuildPhase;
			buildActionMask = 2147483647;
			files = (
			);
			runOnlyForDeploymentPostprocessing = 0;
		};
/* End PBXResourcesBuildPhase section */

/* Begin PBXSourcesBuildPhase section */
		A0FC72CF30087D6500AE7F26 /* Sources */ = {
			isa = PBXSourcesBuildPhase;
			buildActionMask = 2147483647;
			files = (
				B10000000000000000000001,
				B10000000000000000000002,
				B10000000000000000000003,
				B10000000000000000000004,
				B10000000000000000000005,
				B10000000000000000000006,
				B10000000000000000000007,
				B10000000000000000000008,
				B10000000000000000000009,
				B1000000000000000000000A,
				B1000000000000000000000B,
				B1000000000000000000000C,
				B1000000000000000000000D,
				B1000000000000000000000E,
				B1000000000000000000000F,
				B10000000000000000000010,
				B10000000000000000000011,
				B10000000000000000000012,
				B10000000000000000000013,
				B10000000000000000000014,
				B10000000000000000000015,
			);
			runOnlyForDeploymentPostprocessing = 0;
		};
		A0FC72DC30087D6600AE7F26 /* Sources */ = {
			isa = PBXSourcesBuildPhase;
			buildActionMask = 2147483647;
			files = (
				B10000000000000000000041,
				B10000000000000000000042,
				B10000000000000000000043,
				B10000000000000000000044,
				B10000000000000000000045,
				B10000000000000000000046,
				B10000000000000000000047,
				B10000000000000000000048,
				B10000000000000000000049,
				B1000000000000000000004A,
			);
			runOnlyForDeploymentPostprocessing = 0;
		};
		A0FC72E630087D6600AE7F26 /* Sources */ = {
			isa = PBXSourcesBuildPhase;
			buildActionMask = 2147483647;
			files = (
				B10000000000000000000061,
				B10000000000000000000062,
			);
			runOnlyForDeploymentPostprocessing = 0;
		};
/* End PBXSourcesBuildPhase section */

/* Begin PBXTargetDependency section */
		A0FC72E230087D6600AE7F26 /* PBXTargetDependency */ = {
			isa = PBXTargetDependency;
			target = A0FC72D230087D6500AE7F26 /* EqnSnap */;
			targetProxy = A0FC72E130087D6600AE7F26 /* PBXContainerItemProxy */;
		};
		A0FC72EC30087D6600AE7F26 /* PBXTargetDependency */ = {
			isa = PBXTargetDependency;
			target = A0FC72D230087D6500AE7F26 /* EqnSnap */;
			targetProxy = A0FC72EB30087D6600AE7F26 /* PBXContainerItemProxy */;
		};
/* End PBXTargetDependency section */

/* Begin XCBuildConfiguration section */
		A0FC72F230087D6600AE7F26 /* Debug */ = {
			isa = XCBuildConfiguration;
			buildSettings = {
				ALWAYS_SEARCH_USER_PATHS = NO;
				ASSETCATALOG_COMPILER_GENERATE_SWIFT_ASSET_SYMBOL_EXTENSIONS = YES;
				CLANG_ANALYZER_NONNULL = YES;
				CLANG_ANALYZER_NUMBER_OBJECT_CONVERSION = YES_AGGRESSIVE;
				CLANG_CXX_LANGUAGE_STANDARD = "gnu++20";
				CLANG_ENABLE_MODULES = YES;
				CLANG_ENABLE_OBJC_ARC = YES;
				CLANG_ENABLE_OBJC_WEAK = YES;
				CLANG_WARN_BLOCK_CAPTURE_AUTORELEASING = YES;
				CLANG_WARN_BOOL_CONVERSION = YES;
				CLANG_WARN_COMMA = YES;
				CLANG_WARN_CONSTANT_CONVERSION = YES;
				CLANG_WARN_DEPRECATED_OBJC_IMPLEMENTATIONS = YES;
				CLANG_WARN_DIRECT_OBJC_ISA_USAGE = YES_ERROR;
				CLANG_WARN_DOCUMENTATION_COMMENTS = YES;
				CLANG_WARN_EMPTY_BODY = YES;
				CLANG_WARN_ENUM_CONVERSION = YES;
				CLANG_WARN_INFINITE_RECURSION = YES;
				CLANG_WARN_INT_CONVERSION = YES;
				CLANG_WARN_NON_LITERAL_NULL_CONVERSION = YES;
				CLANG_WARN_OBJC_IMPLICIT_RETAIN_SELF = YES;
				CLANG_WARN_OBJC_LITERAL_CONVERSION = YES;
				CLANG_WARN_OBJC_ROOT_CLASS = YES_ERROR;
				CLANG_WARN_QUOTED_INCLUDE_IN_FRAMEWORK_HEADER = YES;
				CLANG_WARN_RANGE_LOOP_ANALYSIS = YES;
				CLANG_WARN_STRICT_PROTOTYPES = YES;
				CLANG_WARN_SUSPICIOUS_MOVE = YES;
				CLANG_WARN_UNGUARDED_AVAILABILITY = YES_AGGRESSIVE;
				CLANG_WARN_UNREACHABLE_CODE = YES;
				CLANG_WARN__DUPLICATE_METHOD_MATCH = YES;
				COPY_PHASE_STRIP = NO;
				DEBUG_INFORMATION_FORMAT = dwarf;
				DEVELOPMENT_TEAM = WDW437UY2D;
				ENABLE_STRICT_OBJC_MSGSEND = YES;
				ENABLE_TESTABILITY = YES;
				ENABLE_USER_SCRIPT_SANDBOXING = YES;
				GCC_C_LANGUAGE_STANDARD = gnu17;
				GCC_DYNAMIC_NO_PIC = NO;
				GCC_NO_COMMON_BLOCKS = YES;
				GCC_OPTIMIZATION_LEVEL = 0;
				GCC_PREPROCESSOR_DEFINITIONS = (
					"DEBUG=1",
					"$(inherited)",
				);
				GCC_WARN_64_TO_32_BIT_CONVERSION = YES;
				GCC_WARN_ABOUT_RETURN_TYPE = YES_ERROR;
				GCC_WARN_UNDECLARED_SELECTOR = YES;
				GCC_WARN_UNINITIALIZED_AUTOS = YES_AGGRESSIVE;
				GCC_WARN_UNUSED_FUNCTION = YES;
				GCC_WARN_UNUSED_VARIABLE = YES;
				LOCALIZATION_PREFERS_STRING_CATALOGS = YES;
				MACOSX_DEPLOYMENT_TARGET = 13.0;
				MTL_ENABLE_DEBUG_INFO = INCLUDE_SOURCE;
				MTL_FAST_MATH = YES;
				ONLY_ACTIVE_ARCH = YES;
				SDKROOT = macosx;
				SWIFT_ACTIVE_COMPILATION_CONDITIONS = "DEBUG $(inherited)";
				SWIFT_OPTIMIZATION_LEVEL = "-Onone";
			};
			name = Debug;
		};
		A0FC72F330087D6600AE7F26 /* Release */ = {
			isa = XCBuildConfiguration;
			buildSettings = {
				ALWAYS_SEARCH_USER_PATHS = NO;
				ASSETCATALOG_COMPILER_GENERATE_SWIFT_ASSET_SYMBOL_EXTENSIONS = YES;
				CLANG_ANALYZER_NONNULL = YES;
				CLANG_ANALYZER_NUMBER_OBJECT_CONVERSION = YES_AGGRESSIVE;
				CLANG_CXX_LANGUAGE_STANDARD = "gnu++20";
				CLANG_ENABLE_MODULES = YES;
				CLANG_ENABLE_OBJC_ARC = YES;
				CLANG_ENABLE_OBJC_WEAK = YES;
				CLANG_WARN_BLOCK_CAPTURE_AUTORELEASING = YES;
				CLANG_WARN_BOOL_CONVERSION = YES;
				CLANG_WARN_COMMA = YES;
				CLANG_WARN_CONSTANT_CONVERSION = YES;
				CLANG_WARN_DEPRECATED_OBJC_IMPLEMENTATIONS = YES;
				CLANG_WARN_DIRECT_OBJC_ISA_USAGE = YES_ERROR;
				CLANG_WARN_DOCUMENTATION_COMMENTS = YES;
				CLANG_WARN_EMPTY_BODY = YES;
				CLANG_WARN_ENUM_CONVERSION = YES;
				CLANG_WARN_INFINITE_RECURSION = YES;
				CLANG_WARN_INT_CONVERSION = YES;
				CLANG_WARN_NON_LITERAL_NULL_CONVERSION = YES;
				CLANG_WARN_OBJC_IMPLICIT_RETAIN_SELF = YES;
				CLANG_WARN_OBJC_LITERAL_CONVERSION = YES;
				CLANG_WARN_OBJC_ROOT_CLASS = YES_ERROR;
				CLANG_WARN_QUOTED_INCLUDE_IN_FRAMEWORK_HEADER = YES;
				CLANG_WARN_RANGE_LOOP_ANALYSIS = YES;
				CLANG_WARN_STRICT_PROTOTYPES = YES;
				CLANG_WARN_SUSPICIOUS_MOVE = YES;
				CLANG_WARN_UNGUARDED_AVAILABILITY = YES_AGGRESSIVE;
				CLANG_WARN_UNREACHABLE_CODE = YES;
				CLANG_WARN__DUPLICATE_METHOD_MATCH = YES;
				COPY_PHASE_STRIP = NO;
				DEBUG_INFORMATION_FORMAT = "dwarf-with-dsym";
				DEVELOPMENT_TEAM = WDW437UY2D;
				ENABLE_NS_ASSERTIONS = NO;
				ENABLE_STRICT_OBJC_MSGSEND = YES;
				ENABLE_USER_SCRIPT_SANDBOXING = YES;
				GCC_C_LANGUAGE_STANDARD = gnu17;
				GCC_NO_COMMON_BLOCKS = YES;
				GCC_WARN_64_TO_32_BIT_CONVERSION = YES;
				GCC_WARN_ABOUT_RETURN_TYPE = YES_ERROR;
				GCC_WARN_UNDECLARED_SELECTOR = YES;
				GCC_WARN_UNINITIALIZED_AUTOS = YES_AGGRESSIVE;
				GCC_WARN_UNUSED_FUNCTION = YES;
				GCC_WARN_UNUSED_VARIABLE = YES;
				LOCALIZATION_PREFERS_STRING_CATALOGS = YES;
				MACOSX_DEPLOYMENT_TARGET = 13.0;
				MTL_ENABLE_DEBUG_INFO = NO;
				MTL_FAST_MATH = YES;
				SDKROOT = macosx;
				SWIFT_COMPILATION_MODE = wholemodule;
			};
			name = Release;
		};
		A0FC72F530087D6600AE7F26 /* Debug */ = {
			isa = XCBuildConfiguration;
			buildSettings = {
				ASSETCATALOG_COMPILER_APPICON_NAME = AppIcon;
				ASSETCATALOG_COMPILER_GLOBAL_ACCENT_COLOR_NAME = AccentColor;
				CODE_SIGN_STYLE = Automatic;
				COMBINE_HIDPI_IMAGES = YES;
				CURRENT_PROJECT_VERSION = 1;
				DEVELOPMENT_TEAM = WDW437UY2D;
				ENABLE_APP_SANDBOX = YES;
				ENABLE_HARDENED_RUNTIME = YES;
				ENABLE_PREVIEWS = YES;
				ENABLE_USER_SELECTED_FILES = readonly;
				GENERATE_INFOPLIST_FILE = YES;
				INFOPLIST_KEY_LSUIElement = YES;
				INFOPLIST_KEY_NSHumanReadableCopyright = "";
				LD_RUNPATH_SEARCH_PATHS = (
					"$(inherited)",
					"@executable_path/../Frameworks",
				);
				MARKETING_VERSION = 1.0;
				PRODUCT_BUNDLE_IDENTIFIER = com.izumiiii.EqnSnap;
				PRODUCT_NAME = "$(TARGET_NAME)";
				REGISTER_APP_GROUPS = YES;
				STRING_CATALOG_GENERATE_SYMBOLS = YES;
				SWIFT_EMIT_LOC_STRINGS = YES;
				SWIFT_VERSION = 5.0;
			};
			name = Debug;
		};
		A0FC72F630087D6600AE7F26 /* Release */ = {
			isa = XCBuildConfiguration;
			buildSettings = {
				ASSETCATALOG_COMPILER_APPICON_NAME = AppIcon;
				ASSETCATALOG_COMPILER_GLOBAL_ACCENT_COLOR_NAME = AccentColor;
				CODE_SIGN_STYLE = Automatic;
				COMBINE_HIDPI_IMAGES = YES;
				CURRENT_PROJECT_VERSION = 1;
				DEVELOPMENT_TEAM = WDW437UY2D;
				ENABLE_APP_SANDBOX = YES;
				ENABLE_HARDENED_RUNTIME = YES;
				ENABLE_PREVIEWS = YES;
				ENABLE_USER_SELECTED_FILES = readonly;
				GENERATE_INFOPLIST_FILE = YES;
				INFOPLIST_KEY_LSUIElement = YES;
				INFOPLIST_KEY_NSHumanReadableCopyright = "";
				LD_RUNPATH_SEARCH_PATHS = (
					"$(inherited)",
					"@executable_path/../Frameworks",
				);
				MARKETING_VERSION = 1.0;
				PRODUCT_BUNDLE_IDENTIFIER = com.izumiiii.EqnSnap;
				PRODUCT_NAME = "$(TARGET_NAME)";
				REGISTER_APP_GROUPS = YES;
				STRING_CATALOG_GENERATE_SYMBOLS = YES;
				SWIFT_EMIT_LOC_STRINGS = YES;
				SWIFT_VERSION = 5.0;
			};
			name = Release;
		};
		A0FC72F830087D6600AE7F26 /* Debug */ = {
			isa = XCBuildConfiguration;
			buildSettings = {
				BUNDLE_LOADER = "$(TEST_HOST)";
				CODE_SIGN_STYLE = Automatic;
				CURRENT_PROJECT_VERSION = 1;
				DEVELOPMENT_TEAM = WDW437UY2D;
				GENERATE_INFOPLIST_FILE = YES;
				MACOSX_DEPLOYMENT_TARGET = 13.0;
				MARKETING_VERSION = 1.0;
				PRODUCT_BUNDLE_IDENTIFIER = com.izumiiii.EqnSnapTests;
				PRODUCT_NAME = "$(TARGET_NAME)";
				STRING_CATALOG_GENERATE_SYMBOLS = NO;
				SWIFT_EMIT_LOC_STRINGS = NO;
				SWIFT_VERSION = 5.0;
				TEST_HOST = "$(BUILT_PRODUCTS_DIR)/EqnSnap.app/$(BUNDLE_EXECUTABLE_FOLDER_PATH)/EqnSnap";
			};
			name = Debug;
		};
		A0FC72F930087D6600AE7F26 /* Release */ = {
			isa = XCBuildConfiguration;
			buildSettings = {
				BUNDLE_LOADER = "$(TEST_HOST)";
				CODE_SIGN_STYLE = Automatic;
				CURRENT_PROJECT_VERSION = 1;
				DEVELOPMENT_TEAM = WDW437UY2D;
				GENERATE_INFOPLIST_FILE = YES;
				MACOSX_DEPLOYMENT_TARGET = 13.0;
				MARKETING_VERSION = 1.0;
				PRODUCT_BUNDLE_IDENTIFIER = com.izumiiii.EqnSnapTests;
				PRODUCT_NAME = "$(TARGET_NAME)";
				STRING_CATALOG_GENERATE_SYMBOLS = NO;
				SWIFT_EMIT_LOC_STRINGS = NO;
				SWIFT_VERSION = 5.0;
				TEST_HOST = "$(BUILT_PRODUCTS_DIR)/EqnSnap.app/$(BUNDLE_EXECUTABLE_FOLDER_PATH)/EqnSnap";
			};
			name = Release;
		};
		A0FC72FB30087D6600AE7F26 /* Debug */ = {
			isa = XCBuildConfiguration;
			buildSettings = {
				CODE_SIGN_STYLE = Automatic;
				CURRENT_PROJECT_VERSION = 1;
				DEVELOPMENT_TEAM = WDW437UY2D;
				GENERATE_INFOPLIST_FILE = YES;
				MARKETING_VERSION = 1.0;
				PRODUCT_BUNDLE_IDENTIFIER = com.izumiiii.EqnSnapUITests;
				PRODUCT_NAME = "$(TARGET_NAME)";
				STRING_CATALOG_GENERATE_SYMBOLS = NO;
				SWIFT_EMIT_LOC_STRINGS = NO;
				SWIFT_VERSION = 5.0;
				TEST_TARGET_NAME = EqnSnap;
			};
			name = Debug;
		};
		A0FC72FC30087D6600AE7F26 /* Release */ = {
			isa = XCBuildConfiguration;
			buildSettings = {
				CODE_SIGN_STYLE = Automatic;
				CURRENT_PROJECT_VERSION = 1;
				DEVELOPMENT_TEAM = WDW437UY2D;
				GENERATE_INFOPLIST_FILE = YES;
				MARKETING_VERSION = 1.0;
				PRODUCT_BUNDLE_IDENTIFIER = com.izumiiii.EqnSnapUITests;
				PRODUCT_NAME = "$(TARGET_NAME)";
				STRING_CATALOG_GENERATE_SYMBOLS = NO;
				SWIFT_EMIT_LOC_STRINGS = NO;
				SWIFT_VERSION = 5.0;
				TEST_TARGET_NAME = EqnSnap;
			};
			name = Release;
		};
/* End XCBuildConfiguration section */

/* Begin XCConfigurationList section */
		A0FC72CE30087D6500AE7F26 /* Build configuration list for PBXProject "EqnSnap" */ = {
			isa = XCConfigurationList;
			buildConfigurations = (
				A0FC72F230087D6600AE7F26 /* Debug */,
				A0FC72F330087D6600AE7F26 /* Release */,
			);
			defaultConfigurationIsVisible = 0;
			defaultConfigurationName = Release;
		};
		A0FC72F430087D6600AE7F26 /* Build configuration list for PBXNativeTarget "EqnSnap" */ = {
			isa = XCConfigurationList;
			buildConfigurations = (
				A0FC72F530087D6600AE7F26 /* Debug */,
				A0FC72F630087D6600AE7F26 /* Release */,
			);
			defaultConfigurationIsVisible = 0;
			defaultConfigurationName = Release;
		};
		A0FC72F730087D6600AE7F26 /* Build configuration list for PBXNativeTarget "EqnSnapTests" */ = {
			isa = XCConfigurationList;
			buildConfigurations = (
				A0FC72F830087D6600AE7F26 /* Debug */,
				A0FC72F930087D6600AE7F26 /* Release */,
			);
			defaultConfigurationIsVisible = 0;
			defaultConfigurationName = Release;
		};
		A0FC72FA30087D6600AE7F26 /* Build configuration list for PBXNativeTarget "EqnSnapUITests" */ = {
			isa = XCConfigurationList;
			buildConfigurations = (
				A0FC72FB30087D6600AE7F26 /* Debug */,
				A0FC72FC30087D6600AE7F26 /* Release */,
			);
			defaultConfigurationIsVisible = 0;
			defaultConfigurationName = Release;
		};
/* End XCConfigurationList section */

/* Begin XCRemoteSwiftPackageReference section */
		B10000000000000000000400 /* XCRemoteSwiftPackageReference "SwiftMath" */ = {isa = XCRemoteSwiftPackageReference; repositoryURL = "https://github.com/mgriebling/SwiftMath.git"; requirement = {kind = exactVersion; version = 1.7.3; }; };
/* End XCRemoteSwiftPackageReference section */

/* Begin XCSwiftPackageProductDependency section */
		B10000000000000000000401 /* SwiftMath */ = {isa = XCSwiftPackageProductDependency; package = B10000000000000000000400 /* XCRemoteSwiftPackageReference "SwiftMath" */; productName = SwiftMath; };
/* End XCSwiftPackageProductDependency section */

	};
	rootObject = A0FC72CB30087D6500AE7F26 /* Project object */;
}
